
Microsoft Visual Studio Solution File, Format Version 12.00
# Visual Studio 15
VisualStudioVersion = 15.0.28307.902
MinimumVisualStudioVersion = 10.0.40219.1
Project("{E24C65DC-7377-472B-9ABA-BC803B73C61A}") = "MyPetShop(1)", "MyPetShop\", "{AC8C33B6-1F06-40FA-BC80-B3C078FBA3A0}"
	ProjectSection(WebsiteProperties) = preProject
		TargetFrameworkMoniker = ".NETFramework,Version%3Dv4.6.1"
		Debug.AspNetCompiler.VirtualPath = "/localhost_58394"
		Debug.AspNetCompiler.PhysicalPath = "MyPetShop\"
		Debug.AspNetCompiler.TargetPath = "PrecompiledWeb\localhost_58394\"
		Debug.AspNetCompiler.Updateable = "true"
		Debug.AspNetCompiler.ForceOverwrite = "true"
		Debug.AspNetCompiler.FixedNames = "false"
		Debug.AspNetCompiler.Debug = "True"
		Release.AspNetCompiler.VirtualPath = "/localhost_58394"
		Release.AspNetCompiler.PhysicalPath = "MyPetShop\"
		Release.AspNetCompiler.TargetPath = "PrecompiledWeb\localhost_58394\"
		Release.AspNetCompiler.Updateable = "true"
		Release.AspNetCompiler.ForceOverwrite = "true"
		Release.AspNetCompiler.FixedNames = "false"
		Release.AspNetCompiler.Debug = "False"
		VWDPort = "58394"
		SlnRelativePath = "MyPetShop\"
	EndProjectSection
EndProject
Global
	GlobalSection(SolutionConfigurationPlatforms) = preSolution
		Debug|Any CPU = Debug|Any CPU
	EndGlobalSection
	GlobalSection(ProjectConfigurationPlatforms) = postSolution
		{AC8C33B6-1F06-40FA-BC80-B3C078FBA3A0}.Debug|Any CPU.ActiveCfg = Debug|Any CPU
		{AC8C33B6-1F06-40FA-BC80-B3C078FBA3A0}.Debug|Any CPU.Build.0 = Debug|Any CPU
	EndGlobalSection
	GlobalSection(SolutionProperties) = preSolution
		HideSolutionNode = FALSE
	EndGlobalSection
	GlobalSection(ExtensibilityGlobals) = postSolution
		SolutionGuid = {57B602D7-2F6A-4898-A57A-70F308562B34}
	EndGlobalSection
EndGlobal
